
Microsoft Visual Studio Solution File, Format Version 12.00
# Visual Studio Version 17
VisualStudioVersion = 17.2.32519.379
MinimumVisualStudioVersion = 10.0.40219.1
Project("{FAE04EC0-301F-11D3-BF4B-00C04F79EFBC}") = "Reserveit.API", "Reserveit.API\Reserveit.API.csproj", "{CCAC21C0-5889-49E9-98CF-1A90B2807DBE}"
EndProject
Global
	GlobalSection(SolutionConfigurationPlatforms) = preSolution
		Debug|Any CPU = Debug|Any CPU
		Release|Any CPU = Release|Any CPU
	EndGlobalSection
	GlobalSection(ProjectConfigurationPlatforms) = postSolution
		{CCAC21C0-5889-49E9-98CF-1A90B2807DBE}.Debug|Any CPU.ActiveCfg = Debug|Any CPU
		{CCAC21C0-5889-49E9-98CF-1A90B2807DBE}.Debug|Any CPU.Build.0 = Debug|Any CPU
		{CCAC21C0-5889-49E9-98CF-1A90B2807DBE}.Release|Any CPU.ActiveCfg = Release|Any CPU
		{CCAC21C0-5889-49E9-98CF-1A90B2807DBE}.Release|Any CPU.Build.0 = Release|Any CPU
	EndGlobalSection
	GlobalSection(SolutionProperties) = preSolution
		HideSolutionNode = FALSE
	EndGlobalSection
	GlobalSection(ExtensibilityGlobals) = postSolution
		SolutionGuid = {77A5C257-F4A5-48EA-B919-E1535E1EE628}
	EndGlobalSection
EndGlobal
